
Microsoft Visual Studio Solution File, Format Version 12.00
# Visual Studio Version 17
VisualStudioVersion = 17.11.35222.181
MinimumVisualStudioVersion = 10.0.40219.1
Project("{FAE04EC0-301F-11D3-BF4B-00C04F79EFBC}") = "AuthService", "AuthService\AuthService.csproj", "{1FDDB417-EE2E-4093-876D-768F3A9A6974}"
EndProject
Project("{FAE04EC0-301F-11D3-BF4B-00C04F79EFBC}") = "PaymentService", "PaymentService\PaymentService.csproj", "{CD94D0C7-486A-433A-9813-1874B662F795}"
EndProject
Project("{FAE04EC0-301F-11D3-BF4B-00C04F79EFBC}") = "PaymentService.Api", "PaymentService.Api\PaymentService.Api.csproj", "{A40A7099-AF84-409C-A948-14D6D8B8FC91}"
EndProject
Project("{FAE04EC0-301F-11D3-BF4B-00C04F79EFBC}") = "LibraryService", "LibraryService\LibraryService.csproj", "{59B257AD-0720-4DAD-9EA8-2BAF185EEF60}"
EndProject
Project("{FAE04EC0-301F-11D3-BF4B-00C04F79EFBC}") = "LibraryService.Api", "LibraryService.Api\LibraryService.Api.csproj", "{7ED236A0-52D8-4AD3-B892-3DEC1052BCB0}"
EndProject
Global
	GlobalSection(SolutionConfigurationPlatforms) = preSolution
		Debug|Any CPU = Debug|Any CPU
		Release|Any CPU = Release|Any CPU
	EndGlobalSection
	GlobalSection(ProjectConfigurationPlatforms) = postSolution
		{1FDDB417-EE2E-4093-876D-768F3A9A6974}.Debug|Any CPU.ActiveCfg = Debug|Any CPU
		{1FDDB417-EE2E-4093-876D-768F3A9A6974}.Debug|Any CPU.Build.0 = Debug|Any CPU
		{1FDDB417-EE2E-4093-876D-768F3A9A6974}.Release|Any CPU.ActiveCfg = Release|Any CPU
		{1FDDB417-EE2E-4093-876D-768F3A9A6974}.Release|Any CPU.Build.0 = Release|Any CPU
		{CD94D0C7-486A-433A-9813-1874B662F795}.Debug|Any CPU.ActiveCfg = Debug|Any CPU
		{CD94D0C7-486A-433A-9813-1874B662F795}.Debug|Any CPU.Build.0 = Debug|Any CPU
		{CD94D0C7-486A-433A-9813-1874B662F795}.Release|Any CPU.ActiveCfg = Release|Any CPU
		{CD94D0C7-486A-433A-9813-1874B662F795}.Release|Any CPU.Build.0 = Release|Any CPU
		{A40A7099-AF84-409C-A948-14D6D8B8FC91}.Debug|Any CPU.ActiveCfg = Debug|Any CPU
		{A40A7099-AF84-409C-A948-14D6D8B8FC91}.Debug|Any CPU.Build.0 = Debug|Any CPU
		{A40A7099-AF84-409C-A948-14D6D8B8FC91}.Release|Any CPU.ActiveCfg = Release|Any CPU
		{A40A7099-AF84-409C-A948-14D6D8B8FC91}.Release|Any CPU.Build.0 = Release|Any CPU
		{59B257AD-0720-4DAD-9EA8-2BAF185EEF60}.Debug|Any CPU.ActiveCfg = Debug|Any CPU
		{59B257AD-0720-4DAD-9EA8-2BAF185EEF60}.Debug|Any CPU.Build.0 = Debug|Any CPU
		{59B257AD-0720-4DAD-9EA8-2BAF185EEF60}.Release|Any CPU.ActiveCfg = Release|Any CPU
		{59B257AD-0720-4DAD-9EA8-2BAF185EEF60}.Release|Any CPU.Build.0 = Release|Any CPU
		{7ED236A0-52D8-4AD3-B892-3DEC1052BCB0}.Debug|Any CPU.ActiveCfg = Debug|Any CPU
		{7ED236A0-52D8-4AD3-B892-3DEC1052BCB0}.Debug|Any CPU.Build.0 = Debug|Any CPU
		{7ED236A0-52D8-4AD3-B892-3DEC1052BCB0}.Release|Any CPU.ActiveCfg = Release|Any CPU
		{7ED236A0-52D8-4AD3-B892-3DEC1052BCB0}.Release|Any CPU.Build.0 = Release|Any CPU
	EndGlobalSection
	GlobalSection(SolutionProperties) = preSolution
		HideSolutionNode = FALSE
	EndGlobalSection
	GlobalSection(ExtensibilityGlobals) = postSolution
		SolutionGuid = {66BAB3C3-6D72-48D1-A69F-FB69282994FE}
	EndGlobalSection
EndGlobal
